
Microsoft Visual Studio Solution File, Format Version 12.00
# Visual Studio Version 17
VisualStudioVersion = 17.13.35931.197 d17.13
MinimumVisualStudioVersion = 10.0.40219.1
Project("{FAE04EC0-301F-11D3-BF4B-00C04F79EFBC}") = "MedBotAssist.WebApi", "MedBotAssist.WebApi\MedBotAssist.WebApi.csproj", "{10B65C39-5910-41A5-8E8F-1E03905670E4}"
EndProject
Project("{FAE04EC0-301F-11D3-BF4B-00C04F79EFBC}") = "MedBotAssist.Models", "MedBotAssist.Models\MedBotAssist.Models.csproj", "{E9474D48-A5D9-49DD-B0E3-82BA1E69FF81}"
EndProject
Project("{FAE04EC0-301F-11D3-BF4B-00C04F79EFBC}") = "MedBotAssist.Interfaces", "MedBotAssist.Interfaces\MedBotAssist.Interfaces.csproj", "{E982C7F1-B17F-4DFE-8B5F-31A10ED11E68}"
EndProject
Project("{FAE04EC0-301F-11D3-BF4B-00C04F79EFBC}") = "MedBotAssist.Persistance", "MedBotAssist.Persistance\MedBotAssist.Persistance.csproj", "{5D20A05A-618E-4A83-9DE8-2F9ABE34F74F}"
EndProject
Project("{FAE04EC0-301F-11D3-BF4B-00C04F79EFBC}") = "MedBotAssist.Test", "MedBotAssist.Test\MedBotAssist.Test.csproj", "{C0372907-8B8C-4784-AB52-8D4A042EF9ED}"
EndProject
Global
	GlobalSection(SolutionConfigurationPlatforms) = preSolution
		Debug|Any CPU = Debug|Any CPU
		Release|Any CPU = Release|Any CPU
	EndGlobalSection
	GlobalSection(ProjectConfigurationPlatforms) = postSolution
		{10B65C39-5910-41A5-8E8F-1E03905670E4}.Debug|Any CPU.ActiveCfg = Debug|Any CPU
		{10B65C39-5910-41A5-8E8F-1E03905670E4}.Debug|Any CPU.Build.0 = Debug|Any CPU
		{10B65C39-5910-41A5-8E8F-1E03905670E4}.Release|Any CPU.ActiveCfg = Release|Any CPU
		{10B65C39-5910-41A5-8E8F-1E03905670E4}.Release|Any CPU.Build.0 = Release|Any CPU
		{E9474D48-A5D9-49DD-B0E3-82BA1E69FF81}.Debug|Any CPU.ActiveCfg = Debug|Any CPU
		{E9474D48-A5D9-49DD-B0E3-82BA1E69FF81}.Debug|Any CPU.Build.0 = Debug|Any CPU
		{E9474D48-A5D9-49DD-B0E3-82BA1E69FF81}.Release|Any CPU.ActiveCfg = Release|Any CPU
		{E9474D48-A5D9-49DD-B0E3-82BA1E69FF81}.Release|Any CPU.Build.0 = Release|Any CPU
		{E982C7F1-B17F-4DFE-8B5F-31A10ED11E68}.Debug|Any CPU.ActiveCfg = Debug|Any CPU
		{E982C7F1-B17F-4DFE-8B5F-31A10ED11E68}.Debug|Any CPU.Build.0 = Debug|Any CPU
		{E982C7F1-B17F-4DFE-8B5F-31A10ED11E68}.Release|Any CPU.ActiveCfg = Release|Any CPU
		{E982C7F1-B17F-4DFE-8B5F-31A10ED11E68}.Release|Any CPU.Build.0 = Release|Any CPU
		{5D20A05A-618E-4A83-9DE8-2F9ABE34F74F}.Debug|Any CPU.ActiveCfg = Debug|Any CPU
		{5D20A05A-618E-4A83-9DE8-2F9ABE34F74F}.Debug|Any CPU.Build.0 = Debug|Any CPU
		{5D20A05A-618E-4A83-9DE8-2F9ABE34F74F}.Release|Any CPU.ActiveCfg = Release|Any CPU
		{5D20A05A-618E-4A83-9DE8-2F9ABE34F74F}.Release|Any CPU.Build.0 = Release|Any CPU
		{C0372907-8B8C-4784-AB52-8D4A042EF9ED}.Debug|Any CPU.ActiveCfg = Debug|Any CPU
		{C0372907-8B8C-4784-AB52-8D4A042EF9ED}.Debug|Any CPU.Build.0 = Debug|Any CPU
		{C0372907-8B8C-4784-AB52-8D4A042EF9ED}.Release|Any CPU.ActiveCfg = Release|Any CPU
		{C0372907-8B8C-4784-AB52-8D4A042EF9ED}.Release|Any CPU.Build.0 = Release|Any CPU
	EndGlobalSection
	GlobalSection(SolutionProperties) = preSolution
		HideSolutionNode = FALSE
	EndGlobalSection
	GlobalSection(ExtensibilityGlobals) = postSolution
		SolutionGuid = {0AC622E1-E218-4421-8725-66F288509035}
	EndGlobalSection
EndGlobal
